{"version":4,"terraform_version":"1.9.0","serial":37,"lineage":"dc67eeeb-a0f2-9933-d0b1-36b2151f3734","outputs":{},"resources":[{"mode":"data","type":"keycloak_openid_client_scope","name":"profile","provider":"provider[\"registry.opentofu.org/mrparkers/keycloak\"]","instances":[{"schema_version":0,"attributes":{"consent_screen_text":"${profileScopeConsentText}","description":"OpenID Connect built-in scope: profile","gui_order":null,"id":"5c0160a0-fe95-451f-98ad-ca38f80b166e","include_in_token_scope":true,"name":"profile","realm_id":"clp_master"},"sensitive_attributes":[]}]},{"mode":"managed","type":"keycloak_default_roles","name":"default_roles","provider":"provider[\"registry.opentofu.org/mrparkers/keycloak\"]","instances":[{"schema_version":0,"attributes":{"default_roles":["user"],"id":"defc6273-6f4f-45fe-bcf3-1cad870cdce4","realm_id":"clp_master"},"sensitive_attributes":[],"private":"bnVsbA==","dependencies":["keycloak_realm.clp_master","keycloak_role.user"]}]},{"mode":"managed","type":"keycloak_openid_client","name":"backend-api","provider":"provider[\"registry.opentofu.org/mrparkers/keycloak\"]","instances":[{"schema_version":0,"attributes":{"access_token_lifespan":"","access_type":"CONFIDENTIAL","admin_url":"","authentication_flow_binding_overrides":[],"authorization":[{"allow_remote_resource_management":false,"decision_strategy":"UNANIMOUS","keep_defaults":false,"policy_enforcement_mode":"ENFORCING"}],"backchannel_logout_revoke_offline_sessions":false,"backchannel_logout_session_required":true,"backchannel_logout_url":"","base_url":"","client_authenticator_type":"client-secret","client_id":"backend-api","client_offline_session_idle_timeout":"","client_offline_session_max_lifespan":"","client_secret":"z2pDNl76u0rEneShBJ33feDve5lRbbe6","client_session_idle_timeout":"","client_session_max_lifespan":"","consent_required":false,"consent_screen_text":"","description":"","direct_access_grants_enabled":false,"display_on_consent_screen":false,"enabled":true,"exclude_session_state_from_auth_response":null,"extra_config":{},"frontchannel_logout_enabled":false,"frontchannel_logout_url":"","full_scope_allowed":true,"id":"f8f1058d-028d-447d-80eb-9d2b2011cb51","implicit_flow_enabled":false,"import":false,"login_theme":"","name":"backend-api","oauth2_device_authorization_grant_enabled":false,"oauth2_device_code_lifespan":"","oauth2_device_polling_interval":"","pkce_code_challenge_method":null,"realm_id":"clp_master","resource_server_id":"f8f1058d-028d-447d-80eb-9d2b2011cb51","root_url":"http://localhost:3000","service_account_user_id":"cf7ae9c6-ff05-47e0-8923-1eae5fc26c17","service_accounts_enabled":true,"standard_flow_enabled":false,"use_refresh_tokens":true,"use_refresh_tokens_client_credentials":false,"valid_post_logout_redirect_uris":[],"valid_redirect_uris":["http://localhost:3000/*"],"web_origins":["http://localhost:3000"]},"sensitive_attributes":[[{"type":"get_attr","value":"client_secret"}]],"private":"bnVsbA==","dependencies":["keycloak_realm.clp_master"]}]},{"mode":"managed","type":"keycloak_openid_client","name":"frontend-app","provider":"provider[\"registry.opentofu.org/mrparkers/keycloak\"]","instances":[{"schema_version":0,"attributes":{"access_token_lifespan":"","access_type":"PUBLIC","admin_url":"","authentication_flow_binding_overrides":[],"authorization":[],"backchannel_logout_revoke_offline_sessions":false,"backchannel_logout_session_required":true,"backchannel_logout_url":"","base_url":"","client_authenticator_type":"client-secret","client_id":"frontend-app","client_offline_session_idle_timeout":"","client_offline_session_max_lifespan":"","client_secret":"","client_session_idle_timeout":"","client_session_max_lifespan":"","consent_required":false,"consent_screen_text":"","description":"","direct_access_grants_enabled":false,"display_on_consent_screen":false,"enabled":true,"exclude_session_state_from_auth_response":null,"extra_config":{},"frontchannel_logout_enabled":false,"frontchannel_logout_url":"","full_scope_allowed":true,"id":"b2da435b-bd4e-46ab-8a47-7e226d548299","implicit_flow_enabled":false,"import":false,"login_theme":"","name":"frontend-app","oauth2_device_authorization_grant_enabled":false,"oauth2_device_code_lifespan":"","oauth2_device_polling_interval":"","pkce_code_challenge_method":null,"realm_id":"clp_master","resource_server_id":null,"root_url":"http://localhost:3001","service_account_user_id":"","service_accounts_enabled":false,"standard_flow_enabled":true,"use_refresh_tokens":true,"use_refresh_tokens_client_credentials":false,"valid_post_logout_redirect_uris":[],"valid_redirect_uris":["http://localhost:3000/*","http://localhost:3001/*"],"web_origins":["+"]},"sensitive_attributes":[[{"type":"get_attr","value":"client_secret"}]],"private":"bnVsbA==","dependencies":["keycloak_realm.clp_master"]}]},{"mode":"managed","type":"keycloak_openid_client_authorization_permission","name":"permission-auth-profile","provider":"provider[\"registry.opentofu.org/mrparkers/keycloak\"]","instances":[{"schema_version":0,"attributes":{"decision_strategy":"UNANIMOUS","description":"","id":"b6a70400-7cd1-4dfc-923f-ebc3c7ee5052","name":"permission_auth_profile","policies":["role_policy_user"],"realm_id":"clp_master","resource_server_id":"f8f1058d-028d-447d-80eb-9d2b2011cb51","resource_type":"","resources":["auth"],"scopes":["profile"],"type":"resource"},"sensitive_attributes":[],"private":"bnVsbA==","dependencies":["keycloak_openid_client.backend-api","keycloak_openid_client_authorization_resource.auth","keycloak_openid_client_authorization_scope.profile","keycloak_openid_client_role_policy.role-policy-user","keycloak_realm.clp_master","keycloak_role.user"]}]},{"mode":"managed","type":"keycloak_openid_client_authorization_permission","name":"permission-listing-user","provider":"provider[\"registry.opentofu.org/mrparkers/keycloak\"]","instances":[{"schema_version":0,"attributes":{"decision_strategy":"UNANIMOUS","description":"","id":"5de45c0c-3b55-41e9-a06d-05a76fb4b7ac","name":"permission_listing_user","policies":["role_policy_user"],"realm_id":"clp_master","resource_server_id":"f8f1058d-028d-447d-80eb-9d2b2011cb51","resource_type":"","resources":["listing"],"scopes":["delete","read","write"],"type":"scope"},"sensitive_attributes":[],"private":"bnVsbA==","dependencies":["keycloak_openid_client.backend-api","keycloak_openid_client_authorization_resource.listing","keycloak_openid_client_authorization_scope.delete","keycloak_openid_client_authorization_scope.read","keycloak_openid_client_authorization_scope.write","keycloak_openid_client_role_policy.role-policy-user","keycloak_realm.clp_master","keycloak_role.user"]}]},{"mode":"managed","type":"keycloak_openid_client_authorization_permission","name":"permission-profile-user","provider":"provider[\"registry.opentofu.org/mrparkers/keycloak\"]","instances":[{"schema_version":0,"attributes":{"decision_strategy":"UNANIMOUS","description":"","id":"b6531f20-79d2-4549-9f76-efcba11d4725","name":"permission_profile_user","policies":["role_policy_user"],"realm_id":"clp_master","resource_server_id":"f8f1058d-028d-447d-80eb-9d2b2011cb51","resource_type":"","resources":["profile"],"scopes":["read","write"],"type":"scope"},"sensitive_attributes":[],"private":"bnVsbA==","dependencies":["keycloak_openid_client.backend-api","keycloak_openid_client_authorization_resource.profile","keycloak_openid_client_authorization_scope.delete","keycloak_openid_client_authorization_scope.read","keycloak_openid_client_authorization_scope.write","keycloak_openid_client_role_policy.role-policy-user","keycloak_realm.clp_master","keycloak_role.user"]}]},{"mode":"managed","type":"keycloak_openid_client_authorization_resource","name":"auth","provider":"provider[\"registry.opentofu.org/mrparkers/keycloak\"]","instances":[{"schema_version":0,"attributes":{"attributes":{},"display_name":"auth","icon_uri":"","id":"e6e326c9-ec49-4adc-8046-392b990dceb4","name":"auth","owner_managed_access":false,"realm_id":"clp_master","resource_server_id":"f8f1058d-028d-447d-80eb-9d2b2011cb51","scopes":["profile"],"type":"","uris":[]},"sensitive_attributes":[],"private":"bnVsbA==","dependencies":["keycloak_openid_client.backend-api","keycloak_openid_client_authorization_scope.profile","keycloak_realm.clp_master"]}]},{"mode":"managed","type":"keycloak_openid_client_authorization_resource","name":"listing","provider":"provider[\"registry.opentofu.org/mrparkers/keycloak\"]","instances":[{"schema_version":0,"attributes":{"attributes":null,"display_name":"listing","icon_uri":"","id":"52858cbf-cd26-479b-81f8-b3920f7d4b44","name":"listing","owner_managed_access":false,"realm_id":"clp_master","resource_server_id":"f8f1058d-028d-447d-80eb-9d2b2011cb51","scopes":["delete","read","write"],"type":"","uris":null},"sensitive_attributes":[],"private":"bnVsbA==","dependencies":["keycloak_openid_client.backend-api","keycloak_openid_client_authorization_scope.delete","keycloak_openid_client_authorization_scope.read","keycloak_openid_client_authorization_scope.write","keycloak_realm.clp_master"]}]},{"mode":"managed","type":"keycloak_openid_client_authorization_resource","name":"profile","provider":"provider[\"registry.opentofu.org/mrparkers/keycloak\"]","instances":[{"schema_version":0,"attributes":{"attributes":{},"display_name":"profile","icon_uri":"","id":"558d1e4e-4ba4-45f4-bdd7-a7f8ef884f02","name":"profile","owner_managed_access":false,"realm_id":"clp_master","resource_server_id":"f8f1058d-028d-447d-80eb-9d2b2011cb51","scopes":["delete","read","write"],"type":"","uris":[]},"sensitive_attributes":[],"private":"bnVsbA==","dependencies":["keycloak_openid_client.backend-api","keycloak_openid_client_authorization_scope.delete","keycloak_openid_client_authorization_scope.read","keycloak_openid_client_authorization_scope.write","keycloak_realm.clp_master"]}]},{"mode":"managed","type":"keycloak_openid_client_authorization_scope","name":"delete","provider":"provider[\"registry.opentofu.org/mrparkers/keycloak\"]","instances":[{"schema_version":0,"attributes":{"display_name":"","icon_uri":"","id":"81fb2fc9-7fe0-4dd9-bb37-5f117b653f4f","name":"delete","realm_id":"clp_master","resource_server_id":"f8f1058d-028d-447d-80eb-9d2b2011cb51"},"sensitive_attributes":[],"private":"bnVsbA==","dependencies":["keycloak_openid_client.backend-api","keycloak_realm.clp_master"]}]},{"mode":"managed","type":"keycloak_openid_client_authorization_scope","name":"profile","provider":"provider[\"registry.opentofu.org/mrparkers/keycloak\"]","instances":[{"schema_version":0,"attributes":{"display_name":"","icon_uri":"","id":"2f48d591-d2c6-4ff2-8464-8f3fb4e99cdb","name":"profile","realm_id":"clp_master","resource_server_id":"f8f1058d-028d-447d-80eb-9d2b2011cb51"},"sensitive_attributes":[],"private":"bnVsbA==","dependencies":["keycloak_openid_client.backend-api","keycloak_realm.clp_master"]}]},{"mode":"managed","type":"keycloak_openid_client_authorization_scope","name":"read","provider":"provider[\"registry.opentofu.org/mrparkers/keycloak\"]","instances":[{"schema_version":0,"attributes":{"display_name":"","icon_uri":"","id":"d767a2a2-e474-491d-a630-c742e0ab1c0a","name":"read","realm_id":"clp_master","resource_server_id":"f8f1058d-028d-447d-80eb-9d2b2011cb51"},"sensitive_attributes":[],"private":"bnVsbA==","dependencies":["keycloak_openid_client.backend-api","keycloak_realm.clp_master"]}]},{"mode":"managed","type":"keycloak_openid_client_authorization_scope","name":"write","provider":"provider[\"registry.opentofu.org/mrparkers/keycloak\"]","instances":[{"schema_version":0,"attributes":{"display_name":"","icon_uri":"","id":"233a1b71-149b-4b60-9d62-4b0da77d22ae","name":"write","realm_id":"clp_master","resource_server_id":"f8f1058d-028d-447d-80eb-9d2b2011cb51"},"sensitive_attributes":[],"private":"bnVsbA==","dependencies":["keycloak_openid_client.backend-api","keycloak_realm.clp_master"]}]},{"mode":"managed","type":"keycloak_openid_client_role_policy","name":"role-policy-user","provider":"provider[\"registry.opentofu.org/mrparkers/keycloak\"]","instances":[{"schema_version":0,"attributes":{"decision_strategy":"UNANIMOUS","description":"","id":"6f07bad8-b6ee-435a-b1a1-d2451925c92a","logic":"POSITIVE","name":"role_policy_user","realm_id":"clp_master","resource_server_id":"f8f1058d-028d-447d-80eb-9d2b2011cb51","role":[{"id":"e92f32ac-fbd0-4007-be5f-644cecb1cc84","required":true}],"type":"role"},"sensitive_attributes":[],"private":"bnVsbA==","dependencies":["keycloak_openid_client.backend-api","keycloak_realm.clp_master","keycloak_role.user"]}]},{"mode":"managed","type":"keycloak_openid_client_service_account_realm_role","name":"backend-api_user","provider":"provider[\"registry.opentofu.org/mrparkers/keycloak\"]","instances":[{"schema_version":0,"attributes":{"id":"cf7ae9c6-ff05-47e0-8923-1eae5fc26c17/e92f32ac-fbd0-4007-be5f-644cecb1cc84","realm_id":"clp_master","role":"user","service_account_user_id":"cf7ae9c6-ff05-47e0-8923-1eae5fc26c17"},"sensitive_attributes":[],"private":"bnVsbA==","dependencies":["keycloak_openid_client.backend-api","keycloak_realm.clp_master","keycloak_role.user"]}]},{"mode":"managed","type":"keycloak_openid_user_realm_role_protocol_mapper","name":"frontend-app_profile","provider":"provider[\"registry.opentofu.org/mrparkers/keycloak\"]","instances":[{"schema_version":0,"attributes":{"add_to_access_token":true,"add_to_id_token":true,"add_to_userinfo":true,"claim_name":"roles","claim_value_type":"String","client_id":null,"client_scope_id":"5c0160a0-fe95-451f-98ad-ca38f80b166e","id":"7f0118ca-f4b1-44e2-9d65-4a960c8a9465","multivalued":true,"name":"roles","realm_id":"clp_master","realm_role_prefix":""},"sensitive_attributes":[],"private":"bnVsbA==","dependencies":["data.keycloak_openid_client_scope.profile","keycloak_realm.clp_master"]}]},{"mode":"managed","type":"keycloak_realm","name":"clp_master","provider":"provider[\"registry.opentofu.org/mrparkers/keycloak\"]","instances":[{"schema_version":0,"attributes":{"access_code_lifespan":"1m0s","access_code_lifespan_login":"30m0s","access_code_lifespan_user_action":"5m0s","access_token_lifespan":"5m0s","access_token_lifespan_for_implicit_flow":"15m0s","account_theme":"","action_token_generated_by_admin_lifespan":"12h0m0s","action_token_generated_by_user_lifespan":"5m0s","admin_theme":"","attributes":{},"browser_flow":"browser","client_authentication_flow":"clients","client_session_idle_timeout":"0s","client_session_max_lifespan":"0s","default_default_client_scopes":[],"default_optional_client_scopes":[],"default_signature_algorithm":"","direct_grant_flow":"direct grant","display_name":"","display_name_html":"","docker_authentication_flow":"docker auth","duplicate_emails_allowed":false,"edit_username_allowed":false,"email_theme":"","enabled":true,"first_broker_login_flow":"first broker login","id":"clp_master","internal_id":"clp_master","internationalization":[],"login_theme":"","login_with_email_allowed":false,"oauth2_device_code_lifespan":"10m0s","oauth2_device_polling_interval":5,"offline_session_idle_timeout":"720h0m0s","offline_session_max_lifespan":"1440h0m0s","offline_session_max_lifespan_enabled":false,"organizations_enabled":false,"otp_policy":[{"algorithm":"HmacSHA1","digits":6,"initial_counter":0,"look_ahead_window":1,"period":30,"type":"totp"}],"password_policy":"","realm":"clp_master","refresh_token_max_reuse":0,"registration_allowed":false,"registration_email_as_username":false,"registration_flow":"registration","remember_me":false,"reset_credentials_flow":"reset credentials","reset_password_allowed":false,"revoke_refresh_token":false,"security_defenses":[],"smtp_server":[],"ssl_required":"external","sso_session_idle_timeout":"30m0s","sso_session_idle_timeout_remember_me":"0s","sso_session_max_lifespan":"10h0m0s","sso_session_max_lifespan_remember_me":"0s","user_managed_access":false,"verify_email":false,"web_authn_passwordless_policy":[{"acceptable_aaguids":[],"attestation_conveyance_preference":"not specified","authenticator_attachment":"not specified","avoid_same_authenticator_register":false,"create_timeout":0,"relying_party_entity_name":"keycloak","relying_party_id":"","require_resident_key":"not specified","signature_algorithms":["ES256","RS256"],"user_verification_requirement":"not specified"}],"web_authn_policy":[{"acceptable_aaguids":[],"attestation_conveyance_preference":"not specified","authenticator_attachment":"not specified","avoid_same_authenticator_register":false,"create_timeout":0,"relying_party_entity_name":"keycloak","relying_party_id":"","require_resident_key":"not specified","signature_algorithms":["ES256","RS256"],"user_verification_requirement":"not specified"}]},"sensitive_attributes":[],"private":"bnVsbA=="}]},{"mode":"managed","type":"keycloak_role","name":"user","provider":"provider[\"registry.opentofu.org/mrparkers/keycloak\"]","instances":[{"schema_version":0,"attributes":{"attributes":{},"client_id":"","composite_roles":[],"description":"The default user role. This role is assigned to all users.","id":"e92f32ac-fbd0-4007-be5f-644cecb1cc84","import":false,"name":"user","realm_id":"clp_master"},"sensitive_attributes":[],"private":"bnVsbA==","dependencies":["keycloak_realm.clp_master"]}]}],"check_results":null}
