{"version":4,"terraform_version":"1.9.0","serial":27,"lineage":"dc67eeeb-a0f2-9933-d0b1-36b2151f3734","outputs":{},"resources":[{"mode":"data","type":"keycloak_openid_client_scope","name":"profile","provider":"provider[\"registry.opentofu.org/mrparkers/keycloak\"]","instances":[{"schema_version":0,"attributes":{"consent_screen_text":"${profileScopeConsentText}","description":"OpenID Connect built-in scope: profile","gui_order":null,"id":"d7ce7af4-ef49-41f8-9e58-61cec7f5f2ee","include_in_token_scope":true,"name":"profile","realm_id":"clp_master"},"sensitive_attributes":[]}]},{"mode":"managed","type":"keycloak_default_roles","name":"default_roles","provider":"provider[\"registry.opentofu.org/mrparkers/keycloak\"]","instances":[{"schema_version":0,"attributes":{"default_roles":["user"],"id":"02387e7f-2edb-4359-938b-0ec6fb5f4045","realm_id":"clp_master"},"sensitive_attributes":[],"private":"bnVsbA==","dependencies":["keycloak_realm.clp_master","keycloak_role.user"]}]},{"mode":"managed","type":"keycloak_openid_client","name":"backend-api","provider":"provider[\"registry.opentofu.org/mrparkers/keycloak\"]","instances":[{"schema_version":0,"attributes":{"access_token_lifespan":"","access_type":"CONFIDENTIAL","admin_url":"","authentication_flow_binding_overrides":[],"authorization":[{"allow_remote_resource_management":false,"decision_strategy":"UNANIMOUS","keep_defaults":false,"policy_enforcement_mode":"ENFORCING"}],"backchannel_logout_revoke_offline_sessions":false,"backchannel_logout_session_required":true,"backchannel_logout_url":"","base_url":"","client_authenticator_type":"client-secret","client_id":"backend-api","client_offline_session_idle_timeout":"","client_offline_session_max_lifespan":"","client_secret":"HX0HSljJPRToMARFGXEC6fLTSs5J9Y58","client_session_idle_timeout":"","client_session_max_lifespan":"","consent_required":false,"consent_screen_text":"","description":"","direct_access_grants_enabled":false,"display_on_consent_screen":false,"enabled":true,"exclude_session_state_from_auth_response":null,"extra_config":{},"frontchannel_logout_enabled":false,"frontchannel_logout_url":"","full_scope_allowed":true,"id":"62311b20-7f30-46a8-ac93-3ea94b20e4f1","implicit_flow_enabled":false,"import":false,"login_theme":"","name":"backend-api","oauth2_device_authorization_grant_enabled":false,"oauth2_device_code_lifespan":"","oauth2_device_polling_interval":"","pkce_code_challenge_method":null,"realm_id":"clp_master","resource_server_id":"62311b20-7f30-46a8-ac93-3ea94b20e4f1","root_url":"http://localhost:3000","service_account_user_id":"e9aa38d1-2bd9-43c3-a7aa-3a94c913439b","service_accounts_enabled":true,"standard_flow_enabled":false,"use_refresh_tokens":true,"use_refresh_tokens_client_credentials":false,"valid_post_logout_redirect_uris":[],"valid_redirect_uris":["http://localhost:3000/*"],"web_origins":["http://localhost:3000"]},"sensitive_attributes":[[{"type":"get_attr","value":"client_secret"}]],"private":"bnVsbA==","dependencies":["keycloak_realm.clp_master"]}]},{"mode":"managed","type":"keycloak_openid_client","name":"frontend-app","provider":"provider[\"registry.opentofu.org/mrparkers/keycloak\"]","instances":[{"schema_version":0,"attributes":{"access_token_lifespan":"","access_type":"PUBLIC","admin_url":"","authentication_flow_binding_overrides":[],"authorization":[],"backchannel_logout_revoke_offline_sessions":false,"backchannel_logout_session_required":true,"backchannel_logout_url":"","base_url":"","client_authenticator_type":"client-secret","client_id":"frontend-app","client_offline_session_idle_timeout":"","client_offline_session_max_lifespan":"","client_secret":"","client_session_idle_timeout":"","client_session_max_lifespan":"","consent_required":false,"consent_screen_text":"","description":"","direct_access_grants_enabled":false,"display_on_consent_screen":false,"enabled":true,"exclude_session_state_from_auth_response":null,"extra_config":{},"frontchannel_logout_enabled":false,"frontchannel_logout_url":"","full_scope_allowed":true,"id":"c726f407-2315-43cb-b6cb-0139fed9afd5","implicit_flow_enabled":false,"import":false,"login_theme":"","name":"frontend-app","oauth2_device_authorization_grant_enabled":false,"oauth2_device_code_lifespan":"","oauth2_device_polling_interval":"","pkce_code_challenge_method":null,"realm_id":"clp_master","resource_server_id":null,"root_url":"http://localhost:3001","service_account_user_id":"","service_accounts_enabled":false,"standard_flow_enabled":true,"use_refresh_tokens":true,"use_refresh_tokens_client_credentials":false,"valid_post_logout_redirect_uris":[],"valid_redirect_uris":["http://localhost:3001/*"],"web_origins":["+"]},"sensitive_attributes":[[{"type":"get_attr","value":"client_secret"}]],"private":"bnVsbA==","dependencies":["keycloak_realm.clp_master"]}]},{"mode":"managed","type":"keycloak_openid_client_authorization_permission","name":"permission-auth-profile","provider":"provider[\"registry.opentofu.org/mrparkers/keycloak\"]","instances":[{"schema_version":0,"attributes":{"decision_strategy":"UNANIMOUS","description":"","id":"3769f66e-3a53-4b61-9fc8-c05e63dd72ab","name":"permission_auth_profile","policies":["role_policy_user"],"realm_id":"clp_master","resource_server_id":"62311b20-7f30-46a8-ac93-3ea94b20e4f1","resource_type":"","resources":["auth"],"scopes":[],"type":"resource"},"sensitive_attributes":[],"private":"bnVsbA==","dependencies":["keycloak_openid_client.backend-api","keycloak_openid_client_authorization_resource.auth","keycloak_openid_client_authorization_scope.profile","keycloak_openid_client_role_policy.role-policy-user","keycloak_realm.clp_master","keycloak_role.user"]}]},{"mode":"managed","type":"keycloak_openid_client_authorization_resource","name":"auth","provider":"provider[\"registry.opentofu.org/mrparkers/keycloak\"]","instances":[{"schema_version":0,"attributes":{"attributes":{},"display_name":"auth","icon_uri":"","id":"ff23d7a4-ed37-45d9-b19f-9135b6cc20a7","name":"auth","owner_managed_access":false,"realm_id":"clp_master","resource_server_id":"62311b20-7f30-46a8-ac93-3ea94b20e4f1","scopes":["profile"],"type":"","uris":[]},"sensitive_attributes":[],"private":"bnVsbA==","dependencies":["keycloak_openid_client.backend-api","keycloak_openid_client_authorization_scope.profile","keycloak_realm.clp_master"]}]},{"mode":"managed","type":"keycloak_openid_client_authorization_scope","name":"profile","provider":"provider[\"registry.opentofu.org/mrparkers/keycloak\"]","instances":[{"schema_version":0,"attributes":{"display_name":"","icon_uri":"","id":"2c658a0a-85f6-46b1-ad80-7dc721b9762f","name":"profile","realm_id":"clp_master","resource_server_id":"62311b20-7f30-46a8-ac93-3ea94b20e4f1"},"sensitive_attributes":[],"private":"bnVsbA==","dependencies":["keycloak_openid_client.backend-api","keycloak_realm.clp_master"]}]},{"mode":"managed","type":"keycloak_openid_client_role_policy","name":"role-policy-user","provider":"provider[\"registry.opentofu.org/mrparkers/keycloak\"]","instances":[{"schema_version":0,"attributes":{"decision_strategy":"UNANIMOUS","description":"","id":"c600fe89-0256-4767-b0fb-9c684ca465cb","logic":"POSITIVE","name":"role_policy_user","realm_id":"clp_master","resource_server_id":"62311b20-7f30-46a8-ac93-3ea94b20e4f1","role":[{"id":"7778b43f-f180-42cf-95a4-ff0b707b770d","required":true}],"type":"role"},"sensitive_attributes":[],"private":"bnVsbA==","dependencies":["keycloak_openid_client.backend-api","keycloak_realm.clp_master","keycloak_role.user"]}]},{"mode":"managed","type":"keycloak_openid_client_service_account_realm_role","name":"backend-api_user","provider":"provider[\"registry.opentofu.org/mrparkers/keycloak\"]","instances":[{"schema_version":0,"attributes":{"id":"e9aa38d1-2bd9-43c3-a7aa-3a94c913439b/7778b43f-f180-42cf-95a4-ff0b707b770d","realm_id":"clp_master","role":"user","service_account_user_id":"e9aa38d1-2bd9-43c3-a7aa-3a94c913439b"},"sensitive_attributes":[],"private":"bnVsbA==","dependencies":["keycloak_openid_client.backend-api","keycloak_realm.clp_master","keycloak_role.user"]}]},{"mode":"managed","type":"keycloak_openid_user_realm_role_protocol_mapper","name":"frontend-app_profile","provider":"provider[\"registry.opentofu.org/mrparkers/keycloak\"]","instances":[{"schema_version":0,"attributes":{"add_to_access_token":true,"add_to_id_token":true,"add_to_userinfo":true,"claim_name":"roles","claim_value_type":"String","client_id":null,"client_scope_id":"d7ce7af4-ef49-41f8-9e58-61cec7f5f2ee","id":"4573e359-98d2-421a-a9f6-2781d7d68806","multivalued":true,"name":"roles","realm_id":"clp_master","realm_role_prefix":""},"sensitive_attributes":[],"private":"bnVsbA==","dependencies":["data.keycloak_openid_client_scope.profile","keycloak_realm.clp_master"]}]},{"mode":"managed","type":"keycloak_realm","name":"clp_master","provider":"provider[\"registry.opentofu.org/mrparkers/keycloak\"]","instances":[{"schema_version":0,"attributes":{"access_code_lifespan":"1m0s","access_code_lifespan_login":"30m0s","access_code_lifespan_user_action":"5m0s","access_token_lifespan":"5m0s","access_token_lifespan_for_implicit_flow":"15m0s","account_theme":"","action_token_generated_by_admin_lifespan":"12h0m0s","action_token_generated_by_user_lifespan":"5m0s","admin_theme":"","attributes":{},"browser_flow":"browser","client_authentication_flow":"clients","client_session_idle_timeout":"0s","client_session_max_lifespan":"0s","default_default_client_scopes":[],"default_optional_client_scopes":[],"default_signature_algorithm":"","direct_grant_flow":"direct grant","display_name":"","display_name_html":"","docker_authentication_flow":"docker auth","duplicate_emails_allowed":false,"edit_username_allowed":false,"email_theme":"","enabled":true,"first_broker_login_flow":"first broker login","id":"clp_master","internal_id":"clp_master","internationalization":[],"login_theme":"","login_with_email_allowed":false,"oauth2_device_code_lifespan":"10m0s","oauth2_device_polling_interval":5,"offline_session_idle_timeout":"720h0m0s","offline_session_max_lifespan":"1440h0m0s","offline_session_max_lifespan_enabled":false,"organizations_enabled":false,"otp_policy":[{"algorithm":"HmacSHA1","digits":6,"initial_counter":0,"look_ahead_window":1,"period":30,"type":"totp"}],"password_policy":"","realm":"clp_master","refresh_token_max_reuse":0,"registration_allowed":false,"registration_email_as_username":false,"registration_flow":"registration","remember_me":false,"reset_credentials_flow":"reset credentials","reset_password_allowed":false,"revoke_refresh_token":false,"security_defenses":[],"smtp_server":[],"ssl_required":"external","sso_session_idle_timeout":"30m0s","sso_session_idle_timeout_remember_me":"0s","sso_session_max_lifespan":"10h0m0s","sso_session_max_lifespan_remember_me":"0s","user_managed_access":false,"verify_email":false,"web_authn_passwordless_policy":[{"acceptable_aaguids":[],"attestation_conveyance_preference":"not specified","authenticator_attachment":"not specified","avoid_same_authenticator_register":false,"create_timeout":0,"relying_party_entity_name":"keycloak","relying_party_id":"","require_resident_key":"not specified","signature_algorithms":["ES256","RS256"],"user_verification_requirement":"not specified"}],"web_authn_policy":[{"acceptable_aaguids":[],"attestation_conveyance_preference":"not specified","authenticator_attachment":"not specified","avoid_same_authenticator_register":false,"create_timeout":0,"relying_party_entity_name":"keycloak","relying_party_id":"","require_resident_key":"not specified","signature_algorithms":["ES256","RS256"],"user_verification_requirement":"not specified"}]},"sensitive_attributes":[],"private":"bnVsbA=="}]},{"mode":"managed","type":"keycloak_role","name":"user","provider":"provider[\"registry.opentofu.org/mrparkers/keycloak\"]","instances":[{"schema_version":0,"attributes":{"attributes":{},"client_id":"","composite_roles":[],"description":"The default user role. This role is assigned to all users.","id":"7778b43f-f180-42cf-95a4-ff0b707b770d","import":false,"name":"user","realm_id":"clp_master"},"sensitive_attributes":[],"private":"bnVsbA==","dependencies":["keycloak_realm.clp_master"]}]}],"check_results":null}
